<Solution>
  <Configurations>
    <BuildType Name="Debug-DLL" />
    <BuildType Name="Debug-LIB" />
    <BuildType Name="Release-DLL" />
    <BuildType Name="Release-LIB" />
    <Platform Name="x64" />
    <Platform Name="x86" />
  </Configurations>
  <Project Path="FusionCalculator.vcxproj" Id="695aa993-7964-4951-bc55-514ba70f8c89" />
  <Project Path="third-party/SDL/VisualC/SDL/SDL.vcxproj" Id="81ce8daf-ebb2-4761-8e45-b71abcca8c68" />
</Solution>
